
Microsoft Visual Studio Solution File, Format Version 12.00
# Visual Studio Version 17
VisualStudioVersion = 17.14.36401.2 d17.14
MinimumVisualStudioVersion = 10.0.40219.1
Project("{FAE04EC0-301F-11D3-BF4B-00C04F79EFBC}") = "DALUser", "DALUser\DALUser.csproj", "{430197F4-8273-457E-8165-BD88DE570334}"
EndProject
Project("{FAE04EC0-301F-11D3-BF4B-00C04F79EFBC}") = "PALUser", "PALUser\PALUser.csproj", "{91246922-E3C1-4E0A-BFFA-6C5C7F254AB7}"
EndProject
Global
	GlobalSection(SolutionConfigurationPlatforms) = preSolution
		Debug|Any CPU = Debug|Any CPU
		Release|Any CPU = Release|Any CPU
	EndGlobalSection
	GlobalSection(ProjectConfigurationPlatforms) = postSolution
		{430197F4-8273-457E-8165-BD88DE570334}.Debug|Any CPU.ActiveCfg = Debug|Any CPU
		{430197F4-8273-457E-8165-BD88DE570334}.Debug|Any CPU.Build.0 = Debug|Any CPU
		{430197F4-8273-457E-8165-BD88DE570334}.Release|Any CPU.ActiveCfg = Release|Any CPU
		{430197F4-8273-457E-8165-BD88DE570334}.Release|Any CPU.Build.0 = Release|Any CPU
		{91246922-E3C1-4E0A-BFFA-6C5C7F254AB7}.Debug|Any CPU.ActiveCfg = Debug|Any CPU
		{91246922-E3C1-4E0A-BFFA-6C5C7F254AB7}.Debug|Any CPU.Build.0 = Debug|Any CPU
		{91246922-E3C1-4E0A-BFFA-6C5C7F254AB7}.Release|Any CPU.ActiveCfg = Release|Any CPU
		{91246922-E3C1-4E0A-BFFA-6C5C7F254AB7}.Release|Any CPU.Build.0 = Release|Any CPU
	EndGlobalSection
	GlobalSection(SolutionProperties) = preSolution
		HideSolutionNode = FALSE
	EndGlobalSection
	GlobalSection(ExtensibilityGlobals) = postSolution
		SolutionGuid = {ACA0ABEE-91A1-4B6C-B8FE-57664D04F5F1}
	EndGlobalSection
EndGlobal
